
Microsoft Visual Studio Solution File, Format Version 12.00
# Visual Studio 15
VisualStudioVersion = 15.0.27004.2008
MinimumVisualStudioVersion = 10.0.40219.1
Project("{2150E333-8FDC-42A3-9474-1A3956D46DE8}") = "Solution Items", "Solution Items", "{52027214-4C82-4AD8-8C3C-FF19F2A6CF13}"
EndProject
Project("{8BC9CEB8-8B4A-11D0-8D11-00A0C91BC942}") = "Project1", "Project1\Project1.vcxproj", "{BBEB8CDA-E4E9-4C4B-BF29-4D8B145C9EE5}"
EndProject
Global
	GlobalSection(SolutionConfigurationPlatforms) = preSolution
		Debug|x64 = Debug|x64
		Debug|x86 = Debug|x86
		Release|x64 = Release|x64
		Release|x86 = Release|x86
	EndGlobalSection
	GlobalSection(ProjectConfigurationPlatforms) = postSolution
		{BBEB8CDA-E4E9-4C4B-BF29-4D8B145C9EE5}.Debug|x64.ActiveCfg = Debug|x64
		{BBEB8CDA-E4E9-4C4B-BF29-4D8B145C9EE5}.Debug|x64.Build.0 = Debug|x64
		{BBEB8CDA-E4E9-4C4B-BF29-4D8B145C9EE5}.Debug|x86.ActiveCfg = Debug|Win32
		{BBEB8CDA-E4E9-4C4B-BF29-4D8B145C9EE5}.Debug|x86.Build.0 = Debug|Win32
		{BBEB8CDA-E4E9-4C4B-BF29-4D8B145C9EE5}.Release|x64.ActiveCfg = Release|x64
		{BBEB8CDA-E4E9-4C4B-BF29-4D8B145C9EE5}.Release|x64.Build.0 = Release|x64
		{BBEB8CDA-E4E9-4C4B-BF29-4D8B145C9EE5}.Release|x86.ActiveCfg = Release|Win32
		{BBEB8CDA-E4E9-4C4B-BF29-4D8B145C9EE5}.Release|x86.Build.0 = Release|Win32
	EndGlobalSection
	GlobalSection(SolutionProperties) = preSolution
		HideSolutionNode = FALSE
	EndGlobalSection
	GlobalSection(ExtensibilityGlobals) = postSolution
		SolutionGuid = {0782D852-F223-4AAC-B6FF-11885833678B}
	EndGlobalSection
EndGlobal
